
Microsoft Visual Studio Solution File, Format Version 12.00
# Visual Studio 15
VisualStudioVersion = 15.0.27703.1
MinimumVisualStudioVersion = 10.0.40219.1
Project("{FAE04EC0-301F-11D3-BF4B-00C04F79EFBC}") = "Aula1105_Console", "Aula1105_Console\Aula1105_Console.csproj", "{34BEFF00-0D6D-4BA6-B5D2-B88576BDB087}"
EndProject
Project("{FAE04EC0-301F-11D3-BF4B-00C04F79EFBC}") = "Aula1105_POO", "Aula1105_POO\Aula1105_POO.csproj", "{742B3BCD-AD0A-4908-BA81-BD120FFB5BB2}"
EndProject
Project("{FAE04EC0-301F-11D3-BF4B-00C04F79EFBC}") = "Aula1405_Interfaces", "Aula1405_Interfaces\Aula1405_Interfaces.csproj", "{CA46AB7A-BE10-4415-B116-964B61C4E29A}"
EndProject
Project("{FAE04EC0-301F-11D3-BF4B-00C04F79EFBC}") = "Aula1805_Camadas", "Aula1805_Camadas\Aula1805_Camadas.csproj", "{576DCBC8-7E7F-490A-A306-5DBBFBCFB9C2}"
EndProject
Global
	GlobalSection(SolutionConfigurationPlatforms) = preSolution
		Debug|Any CPU = Debug|Any CPU
		Release|Any CPU = Release|Any CPU
	EndGlobalSection
	GlobalSection(ProjectConfigurationPlatforms) = postSolution
		{34BEFF00-0D6D-4BA6-B5D2-B88576BDB087}.Debug|Any CPU.ActiveCfg = Debug|Any CPU
		{34BEFF00-0D6D-4BA6-B5D2-B88576BDB087}.Debug|Any CPU.Build.0 = Debug|Any CPU
		{34BEFF00-0D6D-4BA6-B5D2-B88576BDB087}.Release|Any CPU.ActiveCfg = Release|Any CPU
		{34BEFF00-0D6D-4BA6-B5D2-B88576BDB087}.Release|Any CPU.Build.0 = Release|Any CPU
		{742B3BCD-AD0A-4908-BA81-BD120FFB5BB2}.Debug|Any CPU.ActiveCfg = Debug|Any CPU
		{742B3BCD-AD0A-4908-BA81-BD120FFB5BB2}.Debug|Any CPU.Build.0 = Debug|Any CPU
		{742B3BCD-AD0A-4908-BA81-BD120FFB5BB2}.Release|Any CPU.ActiveCfg = Release|Any CPU
		{742B3BCD-AD0A-4908-BA81-BD120FFB5BB2}.Release|Any CPU.Build.0 = Release|Any CPU
		{CA46AB7A-BE10-4415-B116-964B61C4E29A}.Debug|Any CPU.ActiveCfg = Debug|Any CPU
		{CA46AB7A-BE10-4415-B116-964B61C4E29A}.Debug|Any CPU.Build.0 = Debug|Any CPU
		{CA46AB7A-BE10-4415-B116-964B61C4E29A}.Release|Any CPU.ActiveCfg = Release|Any CPU
		{CA46AB7A-BE10-4415-B116-964B61C4E29A}.Release|Any CPU.Build.0 = Release|Any CPU
		{576DCBC8-7E7F-490A-A306-5DBBFBCFB9C2}.Debug|Any CPU.ActiveCfg = Debug|Any CPU
		{576DCBC8-7E7F-490A-A306-5DBBFBCFB9C2}.Debug|Any CPU.Build.0 = Debug|Any CPU
		{576DCBC8-7E7F-490A-A306-5DBBFBCFB9C2}.Release|Any CPU.ActiveCfg = Release|Any CPU
		{576DCBC8-7E7F-490A-A306-5DBBFBCFB9C2}.Release|Any CPU.Build.0 = Release|Any CPU
	EndGlobalSection
	GlobalSection(SolutionProperties) = preSolution
		HideSolutionNode = FALSE
	EndGlobalSection
	GlobalSection(ExtensibilityGlobals) = postSolution
		SolutionGuid = {DF371090-CADA-4511-A5CA-F7A275B10953}
	EndGlobalSection
EndGlobal
